{
  "name": "l3-node",
  "version": "1.0.0",
  "lockfileVersion": 1,
  "requires": true,
  "dependencies": {
    "@aleksandr-suchugov/lesson_3": {
      "version": "1.0.0",
      "resolved": "https://npm.pkg.github.com/download/@aleksandr-suchugov/lesson_3/1.0.0/959d952c639b517be41c0aecbf71af6bcbc390493c4968ccc0ed837eee06b783",
      "integrity": "sha512-L4hSqP3XRE7UOk/WYZkoS2OeWtkvStN0zw1LGiH/Y9DbzHekK22ZM37r/W53BCLAwIEak/TwRvbYrfIdpRe97g=="
    }
  }
}
